
Microsoft Visual Studio Solution File, Format Version 12.00
# Visual Studio 15
VisualStudioVersion = 15.0.27004.2010
MinimumVisualStudioVersion = 10.0.40219.1
Project("{FAE04EC0-301F-11D3-BF4B-00C04F79EFBC}") = "HelloWorld", "HelloWorld\HelloWorld.csproj", "{61B6F0E2-DE22-4228-A8B0-21CFD9CE5BCD}"
EndProject
Project("{FAE04EC0-301F-11D3-BF4B-00C04F79EFBC}") = "JasmineGraves", "JasmineGraves\JasmineGraves.csproj", "{C2C3057C-E33A-42DF-A4CB-86EE640670E4}"
EndProject
Project("{FAE04EC0-301F-11D3-BF4B-00C04F79EFBC}") = "jasminegraves (is my username)", "jasminegraves (is my username)\jasminegraves (is my username).csproj", "{4123ACDD-1CBD-4226-A1B6-E13C64E7D230}"
EndProject
Global
	GlobalSection(SolutionConfigurationPlatforms) = preSolution
		Debug|Any CPU = Debug|Any CPU
		Release|Any CPU = Release|Any CPU
	EndGlobalSection
	GlobalSection(ProjectConfigurationPlatforms) = postSolution
		{61B6F0E2-DE22-4228-A8B0-21CFD9CE5BCD}.Debug|Any CPU.ActiveCfg = Debug|Any CPU
		{61B6F0E2-DE22-4228-A8B0-21CFD9CE5BCD}.Debug|Any CPU.Build.0 = Debug|Any CPU
		{61B6F0E2-DE22-4228-A8B0-21CFD9CE5BCD}.Release|Any CPU.ActiveCfg = Release|Any CPU
		{61B6F0E2-DE22-4228-A8B0-21CFD9CE5BCD}.Release|Any CPU.Build.0 = Release|Any CPU
		{C2C3057C-E33A-42DF-A4CB-86EE640670E4}.Debug|Any CPU.ActiveCfg = Debug|Any CPU
		{C2C3057C-E33A-42DF-A4CB-86EE640670E4}.Debug|Any CPU.Build.0 = Debug|Any CPU
		{C2C3057C-E33A-42DF-A4CB-86EE640670E4}.Release|Any CPU.ActiveCfg = Release|Any CPU
		{C2C3057C-E33A-42DF-A4CB-86EE640670E4}.Release|Any CPU.Build.0 = Release|Any CPU
		{4123ACDD-1CBD-4226-A1B6-E13C64E7D230}.Debug|Any CPU.ActiveCfg = Debug|Any CPU
		{4123ACDD-1CBD-4226-A1B6-E13C64E7D230}.Debug|Any CPU.Build.0 = Debug|Any CPU
		{4123ACDD-1CBD-4226-A1B6-E13C64E7D230}.Release|Any CPU.ActiveCfg = Release|Any CPU
		{4123ACDD-1CBD-4226-A1B6-E13C64E7D230}.Release|Any CPU.Build.0 = Release|Any CPU
	EndGlobalSection
	GlobalSection(SolutionProperties) = preSolution
		HideSolutionNode = FALSE
	EndGlobalSection
	GlobalSection(ExtensibilityGlobals) = postSolution
		SolutionGuid = {C52707F4-A538-4959-A8B5-A2CD6B9B3130}
	EndGlobalSection
EndGlobal
